PODS:
  - MXGSynchronizeTest (1.1.0)
  - SSOperations (0.0.2)

DEPENDENCIES:
  - MXGSynchronizeTest
  - SSOperations (from `../`)

EXTERNAL SOURCES:
  SSOperations:
    :path: ../

SPEC CHECKSUMS:
  MXGSynchronizeTest: 8f2f041ca6896caec74463ab43743d97d3dc8c18
  SSOperations: ef3b53f182335fa8bebaed725d24b2b908f2f5a9

COCOAPODS: 0.34.4
