// !$*UTF8*$!
{
	archiveVersion = 1;
	classes = {
	};
	objectVersion = 46;
	objects = {

/* Begin PBXBuildFile section */
		382F7B1C663642ECA27FD20F /* libPods.a in Frameworks */ = {isa = PBXBuildFile; fileRef = FE67292781FE44819D44A45D /* libPods.a */; };
		5EB198B2199EE2AB00CCF6EA /* XCTest.framework in Frameworks */ = {isa = PBXBuildFile; fileRef = 5EB198B1199EE2AB00CCF6EA /* XCTest.framework */; };
		5EB198B3199EE2AB00CCF6EA /* Foundation.framework in Frameworks */ = {isa = PBXBuildFile; fileRef = 5EDF4B9D17D1459D00788CB5 /* Foundation.framework */; };
		5EB198B4199EE2AB00CCF6EA /* UIKit.framework in Frameworks */ = {isa = PBXBuildFile; fileRef = 5EDF4B9B17D1459D00788CB5 /* UIKit.framework */; };
		5EB198BA199EE2AB00CCF6EA /* InfoPlist.strings in Resources */ = {isa = PBXBuildFile; fileRef = 5EB198B8199EE2AB00CCF6EA /* InfoPlist.strings */; };
		5EB198BC199EE2AB00CCF6EA /* SSOperationsTests.m in Sources */ = {isa = PBXBuildFile; fileRef = 5EB198BB199EE2AB00CCF6EA /* SSOperationsTests.m */; };
		5EDF4B9C17D1459D00788CB5 /* UIKit.framework in Frameworks */ = {isa = PBXBuildFile; fileRef = 5EDF4B9B17D1459D00788CB5 /* UIKit.framework */; };
		5EDF4B9E17D1459D00788CB5 /* Foundation.framework in Frameworks */ = {isa = PBXBuildFile; fileRef = 5EDF4B9D17D1459D00788CB5 /* Foundation.framework */; };
		5EDF4BA017D1459D00788CB5 /* CoreGraphics.framework in Frameworks */ = {isa = PBXBuildFile; fileRef = 5EDF4B9F17D1459D00788CB5 /* CoreGraphics.framework */; };
		5EDF4BA617D1459D00788CB5 /* InfoPlist.strings in Resources */ = {isa = PBXBuildFile; fileRef = 5EDF4BA417D1459D00788CB5 /* InfoPlist.strings */; };
		5EDF4BA817D1459D00788CB5 /* main.m in Sources */ = {isa = PBXBuildFile; fileRef = 5EDF4BA717D1459D00788CB5 /* main.m */; };
		5EDF4BAC17D1459D00788CB5 /* SSAppDelegate.m in Sources */ = {isa = PBXBuildFile; fileRef = 5EDF4BAB17D1459D00788CB5 /* SSAppDelegate.m */; };
		5EDF4BAE17D1459D00788CB5 /* Default.png in Resources */ = {isa = PBXBuildFile; fileRef = 5EDF4BAD17D1459D00788CB5 /* Default.png */; };
		5EDF4BB017D1459D00788CB5 /* Default@2x.png in Resources */ = {isa = PBXBuildFile; fileRef = 5EDF4BAF17D1459D00788CB5 /* Default@2x.png */; };
		5EDF4BB217D1459D00788CB5 /* Default-568h@2x.png in Resources */ = {isa = PBXBuildFile; fileRef = 5EDF4BB117D1459D00788CB5 /* Default-568h@2x.png */; };
		5EDF4BCA17D14A6C00788CB5 /* SSViewController.m in Sources */ = {isa = PBXBuildFile; fileRef = 5EDF4BC917D14A6C00788CB5 /* SSViewController.m */; };
		F809915BBD9D4E52A21201F9 /* libPods-SSOperationsTests.a in Frameworks */ = {isa = PBXBuildFile; fileRef = 7B875F71E8DC49648CC4EF0F /* libPods-SSOperationsTests.a */; };
/* End PBXBuildFile section */

/* Begin PBXContainerItemProxy section */
		5EB198BE199EE2AB00CCF6EA /* PBXContainerItemProxy */ = {
			isa = PBXContainerItemProxy;
			containerPortal = 5EDF4B9017D1459C00788CB5 /* Project object */;
			proxyType = 1;
			remoteGlobalIDString = 5EDF4B9717D1459C00788CB5;
			remoteInfo = SSOperationsExample;
		};
/* End PBXContainerItemProxy section */

/* Begin PBXFileReference section */
		3AE44B17C5A273B5E51BCC0B /* Pods-SSOperationsTests.debug.xcconfig */ = {isa = PBXFileReference; includeInIndex = 1; lastKnownFileType = text.xcconfig; name = "Pods-SSOperationsTests.debug.xcconfig"; path = "Pods/Target Support Files/Pods-SSOperationsTests/Pods-SSOperationsTests.debug.xcconfig"; sourceTree = "<group>"; };
		4C7239018484A5BCAD64ECF2 /* Pods.release.xcconfig */ = {isa = PBXFileReference; includeInIndex = 1; lastKnownFileType = text.xcconfig; name = Pods.release.xcconfig; path = "Pods/Target Support Files/Pods/Pods.release.xcconfig"; sourceTree = "<group>"; };
		5EB198B0199EE2AB00CCF6EA /* SSOperationsTests.xctest */ = {isa = PBXFileReference; explicitFileType = wrapper.cfbundle; includeInIndex = 0; path = SSOperationsTests.xctest; sourceTree = BUILT_PRODUCTS_DIR; };
		5EB198B1199EE2AB00CCF6EA /* XCTest.framework */ = {isa = PBXFileReference; lastKnownFileType = wrapper.framework; name = XCTest.framework; path = Library/Frameworks/XCTest.framework; sourceTree = DEVELOPER_DIR; };
		5EB198B7199EE2AB00CCF6EA /* SSOperationsTests-Info.plist */ = {isa = PBXFileReference; lastKnownFileType = text.plist.xml; path = "SSOperationsTests-Info.plist"; sourceTree = "<group>"; };
		5EB198B9199EE2AB00CCF6EA /* en */ = {isa = PBXFileReference; lastKnownFileType = text.plist.strings; name = en; path = en.lproj/InfoPlist.strings; sourceTree = "<group>"; };
		5EB198BB199EE2AB00CCF6EA /* SSOperationsTests.m */ = {isa = PBXFileReference; lastKnownFileType = sourcecode.c.objc; path = SSOperationsTests.m; sourceTree = "<group>"; };
		5EB198BD199EE2AB00CCF6EA /* SSOperationsTests-Prefix.pch */ = {isa = PBXFileReference; lastKnownFileType = sourcecode.c.h; path = "SSOperationsTests-Prefix.pch"; sourceTree = "<group>"; };
		5EDF4B9817D1459D00788CB5 /* SSOperationsExample.app */ = {isa = PBXFileReference; explicitFileType = wrapper.application; includeInIndex = 0; path = SSOperationsExample.app; sourceTree = BUILT_PRODUCTS_DIR; };
		5EDF4B9B17D1459D00788CB5 /* UIKit.framework */ = {isa = PBXFileReference; lastKnownFileType = wrapper.framework; name = UIKit.framework; path = System/Library/Frameworks/UIKit.framework; sourceTree = SDKROOT; };
		5EDF4B9D17D1459D00788CB5 /* Foundation.framework */ = {isa = PBXFileReference; lastKnownFileType = wrapper.framework; name = Foundation.framework; path = System/Library/Frameworks/Foundation.framework; sourceTree = SDKROOT; };
		5EDF4B9F17D1459D00788CB5 /* CoreGraphics.framework */ = {isa = PBXFileReference; lastKnownFileType = wrapper.framework; name = CoreGraphics.framework; path = System/Library/Frameworks/CoreGraphics.framework; sourceTree = SDKROOT; };
		5EDF4BA317D1459D00788CB5 /* SSOperationsExample-Info.plist */ = {isa = PBXFileReference; lastKnownFileType = text.plist.xml; path = "SSOperationsExample-Info.plist"; sourceTree = "<group>"; };
		5EDF4BA517D1459D00788CB5 /* en */ = {isa = PBXFileReference; lastKnownFileType = text.plist.strings; name = en; path = en.lproj/InfoPlist.strings; sourceTree = "<group>"; };
		5EDF4BA717D1459D00788CB5 /* main.m */ = {isa = PBXFileReference; lastKnownFileType = sourcecode.c.objc; path = main.m; sourceTree = "<group>"; };
		5EDF4BA917D1459D00788CB5 /* SSOperationsExample-Prefix.pch */ = {isa = PBXFileReference; lastKnownFileType = sourcecode.c.h; path = "SSOperationsExample-Prefix.pch"; sourceTree = "<group>"; };
		5EDF4BAA17D1459D00788CB5 /* SSAppDelegate.h */ = {isa = PBXFileReference; lastKnownFileType = sourcecode.c.h; path = SSAppDelegate.h; sourceTree = "<group>"; };
		5EDF4BAB17D1459D00788CB5 /* SSAppDelegate.m */ = {isa = PBXFileReference; lastKnownFileType = sourcecode.c.objc; path = SSAppDelegate.m; sourceTree = "<group>"; };
		5EDF4BAD17D1459D00788CB5 /* Default.png */ = {isa = PBXFileReference; lastKnownFileType = image.png; path = Default.png; sourceTree = "<group>"; };
		5EDF4BAF17D1459D00788CB5 /* Default@2x.png */ = {isa = PBXFileReference; lastKnownFileType = image.png; path = "Default@2x.png"; sourceTree = "<group>"; };
		5EDF4BB117D1459D00788CB5 /* Default-568h@2x.png */ = {isa = PBXFileReference; lastKnownFileType = image.png; path = "Default-568h@2x.png"; sourceTree = "<group>"; };
		5EDF4BC817D14A6C00788CB5 /* SSViewController.h */ = {isa = PBXFileReference; fileEncoding = 4; lastKnownFileType = sourcecode.c.h; path = SSViewController.h; sourceTree = "<group>"; };
		5EDF4BC917D14A6C00788CB5 /* SSViewController.m */ = {isa = PBXFileReference; fileEncoding = 4; lastKnownFileType = sourcecode.c.objc; path = SSViewController.m; sourceTree = "<group>"; };
		7B875F71E8DC49648CC4EF0F /* libPods-SSOperationsTests.a */ = {isa = PBXFileReference; explicitFileType = archive.ar; includeInIndex = 0; path = "libPods-SSOperationsTests.a"; sourceTree = BUILT_PRODUCTS_DIR; };
		83F66D6F1BDD9F2CA32F25C3 /* Pods.debug.xcconfig */ = {isa = PBXFileReference; includeInIndex = 1; lastKnownFileType = text.xcconfig; name = Pods.debug.xcconfig; path = "Pods/Target Support Files/Pods/Pods.debug.xcconfig"; sourceTree = "<group>"; };
		B1952B0C4D8CA3602DAC12F3 /* Pods-SSOperationsTests.release.xcconfig */ = {isa = PBXFileReference; includeInIndex = 1; lastKnownFileType = text.xcconfig; name = "Pods-SSOperationsTests.release.xcconfig"; path = "Pods/Target Support Files/Pods-SSOperationsTests/Pods-SSOperationsTests.release.xcconfig"; sourceTree = "<group>"; };
		FE67292781FE44819D44A45D /* libPods.a */ = {isa = PBXFileReference; explicitFileType = archive.ar; includeInIndex = 0; path = libPods.a; sourceTree = BUILT_PRODUCTS_DIR; };
/* End PBXFileReference section */

/* Begin PBXFrameworksBuildPhase section */
		5EB198AD199EE2AB00CCF6EA /* Frameworks */ = {
			isa = PBXFrameworksBuildPhase;
			buildActionMask = 2147483647;
			files = (
				5EB198B2199EE2AB00CCF6EA /* XCTest.framework in Frameworks */,
				5EB198B4199EE2AB00CCF6EA /* UIKit.framework in Frameworks */,
				5EB198B3199EE2AB00CCF6EA /* Foundation.framework in Frameworks */,
				F809915BBD9D4E52A21201F9 /* libPods-SSOperationsTests.a in Frameworks */,
			);
			runOnlyForDeploymentPostprocessing = 0;
		};
		5EDF4B9517D1459C00788CB5 /* Frameworks */ = {
			isa = PBXFrameworksBuildPhase;
			buildActionMask = 2147483647;
			files = (
				5EDF4B9C17D1459D00788CB5 /* UIKit.framework in Frameworks */,
				5EDF4B9E17D1459D00788CB5 /* Foundation.framework in Frameworks */,
				5EDF4BA017D1459D00788CB5 /* CoreGraphics.framework in Frameworks */,
				382F7B1C663642ECA27FD20F /* libPods.a in Frameworks */,
			);
			runOnlyForDeploymentPostprocessing = 0;
		};
/* End PBXFrameworksBuildPhase section */

/* Begin PBXGroup section */
		5EB198B5199EE2AB00CCF6EA /* SSOperationsTests */ = {
			isa = PBXGroup;
			children = (
				5EB198BB199EE2AB00CCF6EA /* SSOperationsTests.m */,
				5EB198B6199EE2AB00CCF6EA /* Supporting Files */,
			);
			path = SSOperationsTests;
			sourceTree = "<group>";
		};
		5EB198B6199EE2AB00CCF6EA /* Supporting Files */ = {
			isa = PBXGroup;
			children = (
				5EB198B7199EE2AB00CCF6EA /* SSOperationsTests-Info.plist */,
				5EB198B8199EE2AB00CCF6EA /* InfoPlist.strings */,
				5EB198BD199EE2AB00CCF6EA /* SSOperationsTests-Prefix.pch */,
			);
			name = "Supporting Files";
			sourceTree = "<group>";
		};
		5EDF4B8F17D1459C00788CB5 = {
			isa = PBXGroup;
			children = (
				5EDF4BA117D1459D00788CB5 /* SSOperationsExample */,
				5EB198B5199EE2AB00CCF6EA /* SSOperationsTests */,
				5EDF4B9A17D1459D00788CB5 /* Frameworks */,
				5EDF4B9917D1459D00788CB5 /* Products */,
				DB38DDA15F7E2469E69DE34C /* Pods */,
			);
			sourceTree = "<group>";
		};
		5EDF4B9917D1459D00788CB5 /* Products */ = {
			isa = PBXGroup;
			children = (
				5EDF4B9817D1459D00788CB5 /* SSOperationsExample.app */,
				5EB198B0199EE2AB00CCF6EA /* SSOperationsTests.xctest */,
			);
			name = Products;
			sourceTree = "<group>";
		};
		5EDF4B9A17D1459D00788CB5 /* Frameworks */ = {
			isa = PBXGroup;
			children = (
				5EDF4B9B17D1459D00788CB5 /* UIKit.framework */,
				5EDF4B9D17D1459D00788CB5 /* Foundation.framework */,
				5EDF4B9F17D1459D00788CB5 /* CoreGraphics.framework */,
				FE67292781FE44819D44A45D /* libPods.a */,
				5EB198B1199EE2AB00CCF6EA /* XCTest.framework */,
				7B875F71E8DC49648CC4EF0F /* libPods-SSOperationsTests.a */,
			);
			name = Frameworks;
			sourceTree = "<group>";
		};
		5EDF4BA117D1459D00788CB5 /* SSOperationsExample */ = {
			isa = PBXGroup;
			children = (
				5EDF4BAA17D1459D00788CB5 /* SSAppDelegate.h */,
				5EDF4BAB17D1459D00788CB5 /* SSAppDelegate.m */,
				5EDF4BC817D14A6C00788CB5 /* SSViewController.h */,
				5EDF4BC917D14A6C00788CB5 /* SSViewController.m */,
				5EDF4BA217D1459D00788CB5 /* Supporting Files */,
			);
			path = SSOperationsExample;
			sourceTree = "<group>";
		};
		5EDF4BA217D1459D00788CB5 /* Supporting Files */ = {
			isa = PBXGroup;
			children = (
				5EDF4BA317D1459D00788CB5 /* SSOperationsExample-Info.plist */,
				5EDF4BA417D1459D00788CB5 /* InfoPlist.strings */,
				5EDF4BA717D1459D00788CB5 /* main.m */,
				5EDF4BA917D1459D00788CB5 /* SSOperationsExample-Prefix.pch */,
				5EDF4BAD17D1459D00788CB5 /* Default.png */,
				5EDF4BAF17D1459D00788CB5 /* Default@2x.png */,
				5EDF4BB117D1459D00788CB5 /* Default-568h@2x.png */,
			);
			name = "Supporting Files";
			sourceTree = "<group>";
		};
		DB38DDA15F7E2469E69DE34C /* Pods */ = {
			isa = PBXGroup;
			children = (
				83F66D6F1BDD9F2CA32F25C3 /* Pods.debug.xcconfig */,
				4C7239018484A5BCAD64ECF2 /* Pods.release.xcconfig */,
				3AE44B17C5A273B5E51BCC0B /* Pods-SSOperationsTests.debug.xcconfig */,
				B1952B0C4D8CA3602DAC12F3 /* Pods-SSOperationsTests.release.xcconfig */,
			);
			name = Pods;
			sourceTree = "<group>";
		};
/* End PBXGroup section */

/* Begin PBXNativeTarget section */
		5EB198AF199EE2AB00CCF6EA /* SSOperationsTests */ = {
			isa = PBXNativeTarget;
			buildConfigurationList = 5EB198C2199EE2AB00CCF6EA /* Build configuration list for PBXNativeTarget "SSOperationsTests" */;
			buildPhases = (
				DAD0C0C3045245B2AFF23777 /* Check Pods Manifest.lock */,
				5EB198AC199EE2AB00CCF6EA /* Sources */,
				5EB198AD199EE2AB00CCF6EA /* Frameworks */,
				5EB198AE199EE2AB00CCF6EA /* Resources */,
				38236C83A56742DAAABB3E73 /* Copy Pods Resources */,
			);
			buildRules = (
			);
			dependencies = (
				5EB198BF199EE2AB00CCF6EA /* PBXTargetDependency */,
			);
			name = SSOperationsTests;
			productName = SSOperationsTests;
			productReference = 5EB198B0199EE2AB00CCF6EA /* SSOperationsTests.xctest */;
			productType = "com.apple.product-type.bundle.unit-test";
		};
		5EDF4B9717D1459C00788CB5 /* SSOperationsExample */ = {
			isa = PBXNativeTarget;
			buildConfigurationList = 5EDF4BBE17D1459D00788CB5 /* Build configuration list for PBXNativeTarget "SSOperationsExample" */;
			buildPhases = (
				9A98735B682943DAA5E1857C /* Check Pods Manifest.lock */,
				5EDF4B9417D1459C00788CB5 /* Sources */,
				5EDF4B9517D1459C00788CB5 /* Frameworks */,
				5EDF4B9617D1459C00788CB5 /* Resources */,
				9AAAFA28AFE24D079CDF8E83 /* Copy Pods Resources */,
			);
			buildRules = (
			);
			dependencies = (
			);
			name = SSOperationsExample;
			productName = SSOperationsExample;
			productReference = 5EDF4B9817D1459D00788CB5 /* SSOperationsExample.app */;
			productType = "com.apple.product-type.application";
		};
/* End PBXNativeTarget section */

/* Begin PBXProject section */
		5EDF4B9017D1459C00788CB5 /* Project object */ = {
			isa = PBXProject;
			attributes = {
				CLASSPREFIX = SS;
				LastUpgradeCheck = 0460;
				ORGANIZATIONNAME = Splinesoft;
				TargetAttributes = {
					5EB198AF199EE2AB00CCF6EA = {
						TestTargetID = 5EDF4B9717D1459C00788CB5;
					};
				};
			};
			buildConfigurationList = 5EDF4B9317D1459C00788CB5 /* Build configuration list for PBXProject "SSOperationsExample" */;
			compatibilityVersion = "Xcode 3.2";
			developmentRegion = English;
			hasScannedForEncodings = 0;
			knownRegions = (
				en,
			);
			mainGroup = 5EDF4B8F17D1459C00788CB5;
			productRefGroup = 5EDF4B9917D1459D00788CB5 /* Products */;
			projectDirPath = "";
			projectRoot = "";
			targets = (
				5EDF4B9717D1459C00788CB5 /* SSOperationsExample */,
				5EB198AF199EE2AB00CCF6EA /* SSOperationsTests */,
			);
		};
/* End PBXProject section */

/* Begin PBXResourcesBuildPhase section */
		5EB198AE199EE2AB00CCF6EA /* Resources */ = {
			isa = PBXResourcesBuildPhase;
			buildActionMask = 2147483647;
			files = (
				5EB198BA199EE2AB00CCF6EA /* InfoPlist.strings in Resources */,
			);
			runOnlyForDeploymentPostprocessing = 0;
		};
		5EDF4B9617D1459C00788CB5 /* Resources */ = {
			isa = PBXResourcesBuildPhase;
			buildActionMask = 2147483647;
			files = (
				5EDF4BA617D1459D00788CB5 /* InfoPlist.strings in Resources */,
				5EDF4BAE17D1459D00788CB5 /* Default.png in Resources */,
				5EDF4BB017D1459D00788CB5 /* Default@2x.png in Resources */,
				5EDF4BB217D1459D00788CB5 /* Default-568h@2x.png in Resources */,
			);
			runOnlyForDeploymentPostprocessing = 0;
		};
/* End PBXResourcesBuildPhase section */

/* Begin PBXShellScriptBuildPhase section */
		38236C83A56742DAAABB3E73 /* Copy Pods Resources */ = {
			isa = PBXShellScriptBuildPhase;
			buildActionMask = 2147483647;
			files = (
			);
			inputPaths = (
			);
			name = "Copy Pods Resources";
			outputPaths = (
			);
			runOnlyForDeploymentPostprocessing = 0;
			shellPath = /bin/sh;
			shellScript = "\"${SRCROOT}/Pods/Target Support Files/Pods-SSOperationsTests/Pods-SSOperationsTests-resources.sh\"\n";
			showEnvVarsInLog = 0;
		};
		9A98735B682943DAA5E1857C /* Check Pods Manifest.lock */ = {
			isa = PBXShellScriptBuildPhase;
			buildActionMask = 2147483647;
			files = (
			);
			inputPaths = (
			);
			name = "Check Pods Manifest.lock";
			outputPaths = (
			);
			runOnlyForDeploymentPostprocessing = 0;
			shellPath = /bin/sh;
			shellScript = "diff \"${PODS_ROOT}/../Podfile.lock\" \"${PODS_ROOT}/Manifest.lock\" > /dev/null\nif [[ $? != 0 ]] ; then\n    cat << EOM\nerror: The sandbox is not in sync with the Podfile.lock. Run 'pod install' or update your CocoaPods installation.\nEOM\n    exit 1\nfi\n";
			showEnvVarsInLog = 0;
		};
		9AAAFA28AFE24D079CDF8E83 /* Copy Pods Resources */ = {
			isa = PBXShellScriptBuildPhase;
			buildActionMask = 2147483647;
			files = (
			);
			inputPaths = (
			);
			name = "Copy Pods Resources";
			outputPaths = (
			);
			runOnlyForDeploymentPostprocessing = 0;
			shellPath = /bin/sh;
			shellScript = "\"${SRCROOT}/Pods/Target Support Files/Pods/Pods-resources.sh\"\n";
			showEnvVarsInLog = 0;
		};
		DAD0C0C3045245B2AFF23777 /* Check Pods Manifest.lock */ = {
			isa = PBXShellScriptBuildPhase;
			buildActionMask = 2147483647;
			files = (
			);
			inputPaths = (
			);
			name = "Check Pods Manifest.lock";
			outputPaths = (
			);
			runOnlyForDeploymentPostprocessing = 0;
			shellPath = /bin/sh;
			shellScript = "diff \"${PODS_ROOT}/../Podfile.lock\" \"${PODS_ROOT}/Manifest.lock\" > /dev/null\nif [[ $? != 0 ]] ; then\n    cat << EOM\nerror: The sandbox is not in sync with the Podfile.lock. Run 'pod install' or update your CocoaPods installation.\nEOM\n    exit 1\nfi\n";
			showEnvVarsInLog = 0;
		};
/* End PBXShellScriptBuildPhase section */

/* Begin PBXSourcesBuildPhase section */
		5EB198AC199EE2AB00CCF6EA /* Sources */ = {
			isa = PBXSourcesBuildPhase;
			buildActionMask = 2147483647;
			files = (
				5EB198BC199EE2AB00CCF6EA /* SSOperationsTests.m in Sources */,
			);
			runOnlyForDeploymentPostprocessing = 0;
		};
		5EDF4B9417D1459C00788CB5 /* Sources */ = {
			isa = PBXSourcesBuildPhase;
			buildActionMask = 2147483647;
			files = (
				5EDF4BA817D1459D00788CB5 /* main.m in Sources */,
				5EDF4BAC17D1459D00788CB5 /* SSAppDelegate.m in Sources */,
				5EDF4BCA17D14A6C00788CB5 /* SSViewController.m in Sources */,
			);
			runOnlyForDeploymentPostprocessing = 0;
		};
/* End PBXSourcesBuildPhase section */

/* Begin PBXTargetDependency section */
		5EB198BF199EE2AB00CCF6EA /* PBXTargetDependency */ = {
			isa = PBXTargetDependency;
			target = 5EDF4B9717D1459C00788CB5 /* SSOperationsExample */;
			targetProxy = 5EB198BE199EE2AB00CCF6EA /* PBXContainerItemProxy */;
		};
/* End PBXTargetDependency section */

/* Begin PBXVariantGroup section */
		5EB198B8199EE2AB00CCF6EA /* InfoPlist.strings */ = {
			isa = PBXVariantGroup;
			children = (
				5EB198B9199EE2AB00CCF6EA /* en */,
			);
			name = InfoPlist.strings;
			sourceTree = "<group>";
		};
		5EDF4BA417D1459D00788CB5 /* InfoPlist.strings */ = {
			isa = PBXVariantGroup;
			children = (
				5EDF4BA517D1459D00788CB5 /* en */,
			);
			name = InfoPlist.strings;
			sourceTree = "<group>";
		};
/* End PBXVariantGroup section */

/* Begin XCBuildConfiguration section */
		5EB198C0199EE2AB00CCF6EA /* Debug */ = {
			isa = XCBuildConfiguration;
			baseConfigurationReference = 3AE44B17C5A273B5E51BCC0B /* Pods-SSOperationsTests.debug.xcconfig */;
			buildSettings = {
				BUNDLE_LOADER = "$(BUILT_PRODUCTS_DIR)/SSOperationsExample.app/SSOperationsExample";
				CLANG_ENABLE_MODULES = YES;
				CLANG_WARN_BOOL_CONVERSION = YES;
				CLANG_WARN_DIRECT_OBJC_ISA_USAGE = YES_ERROR;
				CLANG_WARN_OBJC_ROOT_CLASS = YES_ERROR;
				FRAMEWORK_SEARCH_PATHS = (
					"$(SDKROOT)/Developer/Library/Frameworks",
					"$(inherited)",
					"$(DEVELOPER_FRAMEWORKS_DIR)",
				);
				GCC_PRECOMPILE_PREFIX_HEADER = YES;
				GCC_PREFIX_HEADER = "SSOperationsTests/SSOperationsTests-Prefix.pch";
				GCC_PREPROCESSOR_DEFINITIONS = (
					"DEBUG=1",
					"$(inherited)",
				);
				GCC_WARN_64_TO_32_BIT_CONVERSION = YES;
				GCC_WARN_ABOUT_RETURN_TYPE = YES_ERROR;
				GCC_WARN_UNDECLARED_SELECTOR = YES;
				GCC_WARN_UNINITIALIZED_AUTOS = YES_AGGRESSIVE;
				GCC_WARN_UNUSED_FUNCTION = YES;
				INFOPLIST_FILE = "SSOperationsTests/SSOperationsTests-Info.plist";
				IPHONEOS_DEPLOYMENT_TARGET = 7.1;
				PRODUCT_NAME = "$(TARGET_NAME)";
				TEST_HOST = "$(BUNDLE_LOADER)";
				WRAPPER_EXTENSION = xctest;
			};
			name = Debug;
		};
		5EB198C1199EE2AB00CCF6EA /* Release */ = {
			isa = XCBuildConfiguration;
			baseConfigurationReference = B1952B0C4D8CA3602DAC12F3 /* Pods-SSOperationsTests.release.xcconfig */;
			buildSettings = {
				BUNDLE_LOADER = "$(BUILT_PRODUCTS_DIR)/SSOperationsExample.app/SSOperationsExample";
				CLANG_ENABLE_MODULES = YES;
				CLANG_WARN_BOOL_CONVERSION = YES;
				CLANG_WARN_DIRECT_OBJC_ISA_USAGE = YES_ERROR;
				CLANG_WARN_OBJC_ROOT_CLASS = YES_ERROR;
				ENABLE_NS_ASSERTIONS = NO;
				FRAMEWORK_SEARCH_PATHS = (
					"$(SDKROOT)/Developer/Library/Frameworks",
					"$(inherited)",
					"$(DEVELOPER_FRAMEWORKS_DIR)",
				);
				GCC_PRECOMPILE_PREFIX_HEADER = YES;
				GCC_PREFIX_HEADER = "SSOperationsTests/SSOperationsTests-Prefix.pch";
				GCC_WARN_64_TO_32_BIT_CONVERSION = YES;
				GCC_WARN_ABOUT_RETURN_TYPE = YES_ERROR;
				GCC_WARN_UNDECLARED_SELECTOR = YES;
				GCC_WARN_UNINITIALIZED_AUTOS = YES_AGGRESSIVE;
				GCC_WARN_UNUSED_FUNCTION = YES;
				INFOPLIST_FILE = "SSOperationsTests/SSOperationsTests-Info.plist";
				IPHONEOS_DEPLOYMENT_TARGET = 7.1;
				PRODUCT_NAME = "$(TARGET_NAME)";
				TEST_HOST = "$(BUNDLE_LOADER)";
				WRAPPER_EXTENSION = xctest;
			};
			name = Release;
		};
		5EDF4BBC17D1459D00788CB5 /* Debug */ = {
			isa = XCBuildConfiguration;
			buildSettings = {
				ALWAYS_SEARCH_USER_PATHS = NO;
				CLANG_CXX_LANGUAGE_STANDARD = "gnu++0x";
				CLANG_CXX_LIBRARY = "libc++";
				CLANG_ENABLE_OBJC_ARC = YES;
				CLANG_WARN_CONSTANT_CONVERSION = YES;
				CLANG_WARN_EMPTY_BODY = YES;
				CLANG_WARN_ENUM_CONVERSION = YES;
				CLANG_WARN_INT_CONVERSION = YES;
				CLANG_WARN__DUPLICATE_METHOD_MATCH = YES;
				"CODE_SIGN_IDENTITY[sdk=iphoneos*]" = "iPhone Developer";
				COPY_PHASE_STRIP = NO;
				GCC_C_LANGUAGE_STANDARD = gnu99;
				GCC_DYNAMIC_NO_PIC = NO;
				GCC_OPTIMIZATION_LEVEL = 0;
				GCC_PREPROCESSOR_DEFINITIONS = (
					"DEBUG=1",
					"$(inherited)",
				);
				GCC_SYMBOLS_PRIVATE_EXTERN = NO;
				GCC_WARN_ABOUT_RETURN_TYPE = YES;
				GCC_WARN_UNINITIALIZED_AUTOS = YES;
				GCC_WARN_UNUSED_VARIABLE = YES;
				IPHONEOS_DEPLOYMENT_TARGET = 6.1;
				ONLY_ACTIVE_ARCH = YES;
				SDKROOT = iphoneos;
				TARGETED_DEVICE_FAMILY = "1,2";
			};
			name = Debug;
		};
		5EDF4BBD17D1459D00788CB5 /* Release */ = {
			isa = XCBuildConfiguration;
			buildSettings = {
				ALWAYS_SEARCH_USER_PATHS = NO;
				CLANG_CXX_LANGUAGE_STANDARD = "gnu++0x";
				CLANG_CXX_LIBRARY = "libc++";
				CLANG_ENABLE_OBJC_ARC = YES;
				CLANG_WARN_CONSTANT_CONVERSION = YES;
				CLANG_WARN_EMPTY_BODY = YES;
				CLANG_WARN_ENUM_CONVERSION = YES;
				CLANG_WARN_INT_CONVERSION = YES;
				CLANG_WARN__DUPLICATE_METHOD_MATCH = YES;
				"CODE_SIGN_IDENTITY[sdk=iphoneos*]" = "iPhone Developer";
				COPY_PHASE_STRIP = YES;
				GCC_C_LANGUAGE_STANDARD = gnu99;
				GCC_WARN_ABOUT_RETURN_TYPE = YES;
				GCC_WARN_UNINITIALIZED_AUTOS = YES;
				GCC_WARN_UNUSED_VARIABLE = YES;
				IPHONEOS_DEPLOYMENT_TARGET = 6.1;
				OTHER_CFLAGS = "-DNS_BLOCK_ASSERTIONS=1";
				SDKROOT = iphoneos;
				TARGETED_DEVICE_FAMILY = "1,2";
				VALIDATE_PRODUCT = YES;
			};
			name = Release;
		};
		5EDF4BBF17D1459D00788CB5 /* Debug */ = {
			isa = XCBuildConfiguration;
			baseConfigurationReference = 83F66D6F1BDD9F2CA32F25C3 /* Pods.debug.xcconfig */;
			buildSettings = {
				GCC_PRECOMPILE_PREFIX_HEADER = YES;
				GCC_PREFIX_HEADER = "SSOperationsExample/SSOperationsExample-Prefix.pch";
				INFOPLIST_FILE = "SSOperationsExample/SSOperationsExample-Info.plist";
				PRODUCT_NAME = "$(TARGET_NAME)";
				WRAPPER_EXTENSION = app;
			};
			name = Debug;
		};
		5EDF4BC017D1459D00788CB5 /* Release */ = {
			isa = XCBuildConfiguration;
			baseConfigurationReference = 4C7239018484A5BCAD64ECF2 /* Pods.release.xcconfig */;
			buildSettings = {
				GCC_PRECOMPILE_PREFIX_HEADER = YES;
				GCC_PREFIX_HEADER = "SSOperationsExample/SSOperationsExample-Prefix.pch";
				INFOPLIST_FILE = "SSOperationsExample/SSOperationsExample-Info.plist";
				PRODUCT_NAME = "$(TARGET_NAME)";
				WRAPPER_EXTENSION = app;
			};
			name = Release;
		};
/* End XCBuildConfiguration section */

/* Begin XCConfigurationList section */
		5EB198C2199EE2AB00CCF6EA /* Build configuration list for PBXNativeTarget "SSOperationsTests" */ = {
			isa = XCConfigurationList;
			buildConfigurations = (
				5EB198C0199EE2AB00CCF6EA /* Debug */,
				5EB198C1199EE2AB00CCF6EA /* Release */,
			);
			defaultConfigurationIsVisible = 0;
			defaultConfigurationName = Release;
		};
		5EDF4B9317D1459C00788CB5 /* Build configuration list for PBXProject "SSOperationsExample" */ = {
			isa = XCConfigurationList;
			buildConfigurations = (
				5EDF4BBC17D1459D00788CB5 /* Debug */,
				5EDF4BBD17D1459D00788CB5 /* Release */,
			);
			defaultConfigurationIsVisible = 0;
			defaultConfigurationName = Release;
		};
		5EDF4BBE17D1459D00788CB5 /* Build configuration list for PBXNativeTarget "SSOperationsExample" */ = {
			isa = XCConfigurationList;
			buildConfigurations = (
				5EDF4BBF17D1459D00788CB5 /* Debug */,
				5EDF4BC017D1459D00788CB5 /* Release */,
			);
			defaultConfigurationIsVisible = 0;
			defaultConfigurationName = Release;
		};
/* End XCConfigurationList section */
	};
	rootObject = 5EDF4B9017D1459C00788CB5 /* Project object */;
}
